
Microsoft Visual Studio Solution File, Format Version 12.00
# Visual Studio Version 17
VisualStudioVersion = 17.6.33815.320
MinimumVisualStudioVersion = 10.0.40219.1
Project("{FAE04EC0-301F-11D3-BF4B-00C04F79EFBC}") = "CitiesInfo.API", "CitiesInfo.API\CitiesInfo.API.csproj", "{DDB300D5-667F-4562-85D9-4CCF947546E8}"
EndProject
Global
	GlobalSection(SolutionConfigurationPlatforms) = preSolution
		Debug|Any CPU = Debug|Any CPU
		Release|Any CPU = Release|Any CPU
	EndGlobalSection
	GlobalSection(ProjectConfigurationPlatforms) = postSolution
		{DDB300D5-667F-4562-85D9-4CCF947546E8}.Debug|Any CPU.ActiveCfg = Debug|Any CPU
		{DDB300D5-667F-4562-85D9-4CCF947546E8}.Debug|Any CPU.Build.0 = Debug|Any CPU
		{DDB300D5-667F-4562-85D9-4CCF947546E8}.Release|Any CPU.ActiveCfg = Release|Any CPU
		{DDB300D5-667F-4562-85D9-4CCF947546E8}.Release|Any CPU.Build.0 = Release|Any CPU
	EndGlobalSection
	GlobalSection(SolutionProperties) = preSolution
		HideSolutionNode = FALSE
	EndGlobalSection
	GlobalSection(ExtensibilityGlobals) = postSolution
		SolutionGuid = {D650AE13-10F5-4767-A5C3-EDB1845313C3}
	EndGlobalSection
EndGlobal
